
Microsoft Visual Studio Solution File, Format Version 12.00
Project("{FAE04EC0-301F-11D3-BF4B-00C04F79EFBC}") = "SpecsFlowCalculator", "SpecsFlowCalculator\SpecsFlowCalculator.csproj", "{3159B679-ED51-449A-BC2A-5E8B5AEB60C4}"
EndProject
Project("{FAE04EC0-301F-11D3-BF4B-00C04F79EFBC}") = "SpecFlowCalculatorSpecs", "SpecFlowCalculatorSpecs\SpecFlowCalculatorSpecs.csproj", "{89881CFA-FB0E-470C-8C1E-02BFF6C40950}"
EndProject
Global
	GlobalSection(SolutionConfigurationPlatforms) = preSolution
		Debug|Any CPU = Debug|Any CPU
		Release|Any CPU = Release|Any CPU
	EndGlobalSection
	GlobalSection(ProjectConfigurationPlatforms) = postSolution
		{3159B679-ED51-449A-BC2A-5E8B5AEB60C4}.Debug|Any CPU.ActiveCfg = Debug|Any CPU
		{3159B679-ED51-449A-BC2A-5E8B5AEB60C4}.Debug|Any CPU.Build.0 = Debug|Any CPU
		{3159B679-ED51-449A-BC2A-5E8B5AEB60C4}.Release|Any CPU.ActiveCfg = Release|Any CPU
		{3159B679-ED51-449A-BC2A-5E8B5AEB60C4}.Release|Any CPU.Build.0 = Release|Any CPU
		{89881CFA-FB0E-470C-8C1E-02BFF6C40950}.Debug|Any CPU.ActiveCfg = Debug|Any CPU
		{89881CFA-FB0E-470C-8C1E-02BFF6C40950}.Debug|Any CPU.Build.0 = Debug|Any CPU
		{89881CFA-FB0E-470C-8C1E-02BFF6C40950}.Release|Any CPU.ActiveCfg = Release|Any CPU
		{89881CFA-FB0E-470C-8C1E-02BFF6C40950}.Release|Any CPU.Build.0 = Release|Any CPU
	EndGlobalSection
EndGlobal
